
Microsoft Visual Studio Solution File, Format Version 12.00
# Visual Studio 2013
VisualStudioVersion = 12.0.40629.0
MinimumVisualStudioVersion = 10.0.40219.1
Project("{FAE04EC0-301F-11D3-BF4B-00C04F79EFBC}") = "Ring.VisualStudio.VSIX", "Ring.VisualStudio.VSIX\Ring.VisualStudio.VSIX.csproj", "{87A95767-D16E-456F-BA4A-786B6607E01F}"
EndProject
Project("{FAE04EC0-301F-11D3-BF4B-00C04F79EFBC}") = "Ring.VisualStudio.Editor", "Ring.VisualStudio.Editor\Ring.VisualStudio.Editor.csproj", "{0DEF4507-1805-4F25-B400-8D2048DDBB30}"
EndProject
Global
	GlobalSection(SolutionConfigurationPlatforms) = preSolution
		Debug|Any CPU = Debug|Any CPU
		Release|Any CPU = Release|Any CPU
	EndGlobalSection
	GlobalSection(ProjectConfigurationPlatforms) = postSolution
		{87A95767-D16E-456F-BA4A-786B6607E01F}.Debug|Any CPU.ActiveCfg = Debug|Any CPU
		{87A95767-D16E-456F-BA4A-786B6607E01F}.Debug|Any CPU.Build.0 = Debug|Any CPU
		{87A95767-D16E-456F-BA4A-786B6607E01F}.Release|Any CPU.ActiveCfg = Release|Any CPU
		{87A95767-D16E-456F-BA4A-786B6607E01F}.Release|Any CPU.Build.0 = Release|Any CPU
		{0DEF4507-1805-4F25-B400-8D2048DDBB30}.Debug|Any CPU.ActiveCfg = Debug|Any CPU
		{0DEF4507-1805-4F25-B400-8D2048DDBB30}.Debug|Any CPU.Build.0 = Debug|Any CPU
		{0DEF4507-1805-4F25-B400-8D2048DDBB30}.Release|Any CPU.ActiveCfg = Release|Any CPU
		{0DEF4507-1805-4F25-B400-8D2048DDBB30}.Release|Any CPU.Build.0 = Release|Any CPU
	EndGlobalSection
	GlobalSection(SolutionProperties) = preSolution
		HideSolutionNode = FALSE
	EndGlobalSection
EndGlobal
