
Microsoft Visual Studio Solution File, Format Version 12.00
# Visual Studio 2013
VisualStudioVersion = 12.0.40629.0
MinimumVisualStudioVersion = 10.0.40219.1
Project("{FAE04EC0-301F-11D3-BF4B-00C04F79EFBC}") = "Ring.VisualStudio.TextEditor", "Ring.VisualStudio.TextEditor\Ring.VisualStudio.TextEditor.csproj", "{78D4173D-F826-4BA0-9347-F88A5AE3EFF7}"
EndProject
Project("{FAE04EC0-301F-11D3-BF4B-00C04F79EFBC}") = "Ring.VisualStudio.VSIX", "Ring.VisualStudio.VSIX\Ring.VisualStudio.VSIX.csproj", "{87A95767-D16E-456F-BA4A-786B6607E01F}"
EndProject
Global
	GlobalSection(SolutionConfigurationPlatforms) = preSolution
		Debug|Any CPU = Debug|Any CPU
		Release|Any CPU = Release|Any CPU
	EndGlobalSection
	GlobalSection(ProjectConfigurationPlatforms) = postSolution
		{78D4173D-F826-4BA0-9347-F88A5AE3EFF7}.Debug|Any CPU.ActiveCfg = Debug|Any CPU
		{78D4173D-F826-4BA0-9347-F88A5AE3EFF7}.Debug|Any CPU.Build.0 = Debug|Any CPU
		{78D4173D-F826-4BA0-9347-F88A5AE3EFF7}.Release|Any CPU.ActiveCfg = Release|Any CPU
		{78D4173D-F826-4BA0-9347-F88A5AE3EFF7}.Release|Any CPU.Build.0 = Release|Any CPU
		{87A95767-D16E-456F-BA4A-786B6607E01F}.Debug|Any CPU.ActiveCfg = Debug|Any CPU
		{87A95767-D16E-456F-BA4A-786B6607E01F}.Debug|Any CPU.Build.0 = Debug|Any CPU
		{87A95767-D16E-456F-BA4A-786B6607E01F}.Release|Any CPU.ActiveCfg = Release|Any CPU
		{87A95767-D16E-456F-BA4A-786B6607E01F}.Release|Any CPU.Build.0 = Release|Any CPU
	EndGlobalSection
	GlobalSection(SolutionProperties) = preSolution
		HideSolutionNode = FALSE
	EndGlobalSection
EndGlobal
